
Microsoft Visual Studio Solution File, Format Version 12.00
# Visual Studio 15
VisualStudioVersion = 15.0.26730.12
MinimumVisualStudioVersion = 10.0.40219.1
Project("{9A19103F-16F7-4668-BE54-9A1E7A4F7556}") = "NServiceBus.SqlServer", "..\NServiceBus.SqlServer\NServiceBus.SqlServer.csproj", "{FA1193BF-325C-4201-BB78-484032E09809}"
EndProject
Project("{9A19103F-16F7-4668-BE54-9A1E7A4F7556}") = "NServiceBus.SqlServer.TestHarness", "NServiceBus.SqlServer.TestHarness.csproj", "{9B3C6D22-EAE1-424C-9891-D1E1F55B6842}"
EndProject
Global
	GlobalSection(SolutionConfigurationPlatforms) = preSolution
		Debug|Any CPU = Debug|Any CPU
		Release|Any CPU = Release|Any CPU
		ReleaseNuget|Any CPU = ReleaseNuget|Any CPU
	EndGlobalSection
	GlobalSection(ProjectConfigurationPlatforms) = postSolution
		{FA1193BF-325C-4201-BB78-484032E09809}.Debug|Any CPU.ActiveCfg = Debug|Any CPU
		{FA1193BF-325C-4201-BB78-484032E09809}.Debug|Any CPU.Build.0 = Debug|Any CPU
		{FA1193BF-325C-4201-BB78-484032E09809}.Release|Any CPU.ActiveCfg = Release|Any CPU
		{FA1193BF-325C-4201-BB78-484032E09809}.Release|Any CPU.Build.0 = Release|Any CPU
		{FA1193BF-325C-4201-BB78-484032E09809}.ReleaseNuget|Any CPU.ActiveCfg = Release|Any CPU
		{FA1193BF-325C-4201-BB78-484032E09809}.ReleaseNuget|Any CPU.Build.0 = Release|Any CPU
		{9B3C6D22-EAE1-424C-9891-D1E1F55B6842}.Debug|Any CPU.ActiveCfg = Debug|Any CPU
		{9B3C6D22-EAE1-424C-9891-D1E1F55B6842}.Debug|Any CPU.Build.0 = Debug|Any CPU
		{9B3C6D22-EAE1-424C-9891-D1E1F55B6842}.Release|Any CPU.ActiveCfg = Release|Any CPU
		{9B3C6D22-EAE1-424C-9891-D1E1F55B6842}.Release|Any CPU.Build.0 = Release|Any CPU
		{9B3C6D22-EAE1-424C-9891-D1E1F55B6842}.ReleaseNuget|Any CPU.ActiveCfg = ReleaseNuget|Any CPU
		{9B3C6D22-EAE1-424C-9891-D1E1F55B6842}.ReleaseNuget|Any CPU.Build.0 = ReleaseNuget|Any CPU
	EndGlobalSection
	GlobalSection(SolutionProperties) = preSolution
		HideSolutionNode = FALSE
	EndGlobalSection
	GlobalSection(ExtensibilityGlobals) = postSolution
		SolutionGuid = {40F170C2-9EAA-418C-840A-4D9C6D8BBC1F}
	EndGlobalSection
EndGlobal
