
Microsoft Visual Studio Solution File, Format Version 12.00
# Visual Studio 15
VisualStudioVersion = 15.0.27004.2002
MinimumVisualStudioVersion = 10.0.40219.1
Project("{9A19103F-16F7-4668-BE54-9A1E7A4F7556}") = "NServiceBus.SqlServer", "..\NServiceBus.SqlServer\NServiceBus.SqlServer.csproj", "{CFCCCAE7-038E-4FF2-82C1-5A53F4843202}"
EndProject
Project("{9A19103F-16F7-4668-BE54-9A1E7A4F7556}") = "NServiceBus.SqlServer.TestHarness", "NServiceBus.SqlServer.TestHarness.csproj", "{E7A768C7-8A87-4977-BAB7-45636697BC1D}"
EndProject
Global
	GlobalSection(SolutionConfigurationPlatforms) = preSolution
		Debug|Any CPU = Debug|Any CPU
		Release|Any CPU = Release|Any CPU
	EndGlobalSection
	GlobalSection(ProjectConfigurationPlatforms) = postSolution
		{CFCCCAE7-038E-4FF2-82C1-5A53F4843202}.Debug|Any CPU.ActiveCfg = Debug|Any CPU
		{CFCCCAE7-038E-4FF2-82C1-5A53F4843202}.Debug|Any CPU.Build.0 = Debug|Any CPU
		{CFCCCAE7-038E-4FF2-82C1-5A53F4843202}.Release|Any CPU.ActiveCfg = Release|Any CPU
		{CFCCCAE7-038E-4FF2-82C1-5A53F4843202}.Release|Any CPU.Build.0 = Release|Any CPU
		{E7A768C7-8A87-4977-BAB7-45636697BC1D}.Debug|Any CPU.ActiveCfg = Debug|Any CPU
		{E7A768C7-8A87-4977-BAB7-45636697BC1D}.Debug|Any CPU.Build.0 = Debug|Any CPU
		{E7A768C7-8A87-4977-BAB7-45636697BC1D}.Release|Any CPU.ActiveCfg = Release|Any CPU
		{E7A768C7-8A87-4977-BAB7-45636697BC1D}.Release|Any CPU.Build.0 = Release|Any CPU
	EndGlobalSection
	GlobalSection(SolutionProperties) = preSolution
		HideSolutionNode = FALSE
	EndGlobalSection
	GlobalSection(ExtensibilityGlobals) = postSolution
		SolutionGuid = {6F56B7B7-6546-4D84-88D2-035FDBA27BE8}
	EndGlobalSection
EndGlobal
