
Microsoft Visual Studio Solution File, Format Version 12.00
# Visual Studio 2013
VisualStudioVersion = 12.0.30723.0
MinimumVisualStudioVersion = 10.0.40219.1
Project("{FAE04EC0-301F-11D3-BF4B-00C04F79EFBC}") = "NServiceBus.SqlServer", "NServiceBus.SqlServer\NServiceBus.SqlServer.csproj", "{FA1193BF-325C-4201-BB78-484032E09809}"
EndProject
Project("{FAE04EC0-301F-11D3-BF4B-00C04F79EFBC}") = "NServiceBus.SqlServer.AcceptanceTests", "NServiceBus.SqlServer.AcceptanceTests\NServiceBus.SqlServer.AcceptanceTests.csproj", "{6A9E04E7-6229-4A3E-B94A-DA168E962B5A}"
EndProject
Project("{2150E333-8FDC-42A3-9474-1A3956D46DE8}") = "Solution Items", "Solution Items", "{A8C6EF3B-1488-44A7-BF9E-D85DB09B0FFE}"
	ProjectSection(SolutionItems) = preProject
		NuGet.Config = NuGet.Config
	EndProjectSection
EndProject
Project("{2150E333-8FDC-42A3-9474-1A3956D46DE8}") = ".nuget", ".nuget", "{5EC71DFE-E04B-423C-8DCA-B43AD01F802E}"
	ProjectSection(SolutionItems) = preProject
		.nuget\packages.config = .nuget\packages.config
	EndProjectSection
EndProject
Project("{FAE04EC0-301F-11D3-BF4B-00C04F79EFBC}") = "NServiceBus.SqlServer.UnitTests", "NServiceBus.SqlServer.UnitTests\NServiceBus.SqlServer.UnitTests.csproj", "{E7F3CFFC-9577-4868-AB8B-D839C02786EA}"
EndProject
Global
	GlobalSection(SolutionConfigurationPlatforms) = preSolution
		Debug|Any CPU = Debug|Any CPU
		Release|Any CPU = Release|Any CPU
	EndGlobalSection
	GlobalSection(ProjectConfigurationPlatforms) = postSolution
		{FA1193BF-325C-4201-BB78-484032E09809}.Debug|Any CPU.ActiveCfg = Debug|Any CPU
		{FA1193BF-325C-4201-BB78-484032E09809}.Debug|Any CPU.Build.0 = Debug|Any CPU
		{FA1193BF-325C-4201-BB78-484032E09809}.Release|Any CPU.ActiveCfg = Release|Any CPU
		{FA1193BF-325C-4201-BB78-484032E09809}.Release|Any CPU.Build.0 = Release|Any CPU
		{6A9E04E7-6229-4A3E-B94A-DA168E962B5A}.Debug|Any CPU.ActiveCfg = Debug|Any CPU
		{6A9E04E7-6229-4A3E-B94A-DA168E962B5A}.Debug|Any CPU.Build.0 = Debug|Any CPU
		{6A9E04E7-6229-4A3E-B94A-DA168E962B5A}.Release|Any CPU.ActiveCfg = Release|Any CPU
		{6A9E04E7-6229-4A3E-B94A-DA168E962B5A}.Release|Any CPU.Build.0 = Release|Any CPU
		{E7F3CFFC-9577-4868-AB8B-D839C02786EA}.Debug|Any CPU.ActiveCfg = Debug|Any CPU
		{E7F3CFFC-9577-4868-AB8B-D839C02786EA}.Debug|Any CPU.Build.0 = Debug|Any CPU
		{E7F3CFFC-9577-4868-AB8B-D839C02786EA}.Release|Any CPU.ActiveCfg = Release|Any CPU
		{E7F3CFFC-9577-4868-AB8B-D839C02786EA}.Release|Any CPU.Build.0 = Release|Any CPU
	EndGlobalSection
	GlobalSection(SolutionProperties) = preSolution
		HideSolutionNode = FALSE
	EndGlobalSection
EndGlobal
