
Microsoft Visual Studio Solution File, Format Version 12.00
# Visual Studio 14
VisualStudioVersion = 14.0.23107.0
MinimumVisualStudioVersion = 10.0.40219.1
Project("{FAE04EC0-301F-11D3-BF4B-00C04F79EFBC}") = "NServiceBus.SqlServer", "NServiceBus.SqlServer\NServiceBus.SqlServer.csproj", "{FA1193BF-325C-4201-BB78-484032E09809}"
EndProject
Project("{FAE04EC0-301F-11D3-BF4B-00C04F79EFBC}") = "NServiceBus.SqlServer.AcceptanceTests", "NServiceBus.SqlServer.AcceptanceTests\NServiceBus.SqlServer.AcceptanceTests.csproj", "{6A9E04E7-6229-4A3E-B94A-DA168E962B5A}"
EndProject
Project("{2150E333-8FDC-42A3-9474-1A3956D46DE8}") = "Solution Items", "Solution Items", "{A8C6EF3B-1488-44A7-BF9E-D85DB09B0FFE}"
	ProjectSection(SolutionItems) = preProject
		..\packaging\nuget\NServiceBus.SqlServer.nuspec = ..\packaging\nuget\NServiceBus.SqlServer.nuspec
		NuGet.Config = NuGet.Config
	EndProjectSection
EndProject
Project("{2150E333-8FDC-42A3-9474-1A3956D46DE8}") = ".nuget", ".nuget", "{5EC71DFE-E04B-423C-8DCA-B43AD01F802E}"
EndProject
Project("{FAE04EC0-301F-11D3-BF4B-00C04F79EFBC}") = "NServiceBus.SqlServer.UnitTests", "NServiceBus.SqlServer.UnitTests\NServiceBus.SqlServer.UnitTests.csproj", "{E7F3CFFC-9577-4868-AB8B-D839C02786EA}"
EndProject
Project("{FAE04EC0-301F-11D3-BF4B-00C04F79EFBC}") = "NSB12SampleReceiver", "NSB12SampleReceiver\NSB12SampleReceiver.csproj", "{D1EE5535-DDB3-4C05-9BDA-54D3BB8A6490}"
EndProject
Project("{FAE04EC0-301F-11D3-BF4B-00C04F79EFBC}") = "NSB12SampleSender", "NSB12SampleSender\NSB12SampleSender.csproj", "{6022EFEB-9C9B-4F3A-91A0-E00BD3F28099}"
EndProject
Project("{FAE04EC0-301F-11D3-BF4B-00C04F79EFBC}") = "NSB12SampleMessages", "NSB12SampleMessages\NSB12SampleMessages.csproj", "{15F61E04-0917-428F-9BC4-162F47B0EA9B}"
EndProject
Global
	GlobalSection(SolutionConfigurationPlatforms) = preSolution
		Debug|Any CPU = Debug|Any CPU
		Release|Any CPU = Release|Any CPU
	EndGlobalSection
	GlobalSection(ProjectConfigurationPlatforms) = postSolution
		{FA1193BF-325C-4201-BB78-484032E09809}.Debug|Any CPU.ActiveCfg = Debug|Any CPU
		{FA1193BF-325C-4201-BB78-484032E09809}.Debug|Any CPU.Build.0 = Debug|Any CPU
		{FA1193BF-325C-4201-BB78-484032E09809}.Release|Any CPU.ActiveCfg = Release|Any CPU
		{FA1193BF-325C-4201-BB78-484032E09809}.Release|Any CPU.Build.0 = Release|Any CPU
		{6A9E04E7-6229-4A3E-B94A-DA168E962B5A}.Debug|Any CPU.ActiveCfg = Debug|Any CPU
		{6A9E04E7-6229-4A3E-B94A-DA168E962B5A}.Debug|Any CPU.Build.0 = Debug|Any CPU
		{6A9E04E7-6229-4A3E-B94A-DA168E962B5A}.Release|Any CPU.ActiveCfg = Release|Any CPU
		{6A9E04E7-6229-4A3E-B94A-DA168E962B5A}.Release|Any CPU.Build.0 = Release|Any CPU
		{E7F3CFFC-9577-4868-AB8B-D839C02786EA}.Debug|Any CPU.ActiveCfg = Debug|Any CPU
		{E7F3CFFC-9577-4868-AB8B-D839C02786EA}.Debug|Any CPU.Build.0 = Debug|Any CPU
		{E7F3CFFC-9577-4868-AB8B-D839C02786EA}.Release|Any CPU.ActiveCfg = Release|Any CPU
		{E7F3CFFC-9577-4868-AB8B-D839C02786EA}.Release|Any CPU.Build.0 = Release|Any CPU
		{D1EE5535-DDB3-4C05-9BDA-54D3BB8A6490}.Debug|Any CPU.ActiveCfg = Debug|Any CPU
		{D1EE5535-DDB3-4C05-9BDA-54D3BB8A6490}.Debug|Any CPU.Build.0 = Debug|Any CPU
		{D1EE5535-DDB3-4C05-9BDA-54D3BB8A6490}.Release|Any CPU.ActiveCfg = Release|Any CPU
		{D1EE5535-DDB3-4C05-9BDA-54D3BB8A6490}.Release|Any CPU.Build.0 = Release|Any CPU
		{6022EFEB-9C9B-4F3A-91A0-E00BD3F28099}.Debug|Any CPU.ActiveCfg = Debug|Any CPU
		{6022EFEB-9C9B-4F3A-91A0-E00BD3F28099}.Debug|Any CPU.Build.0 = Debug|Any CPU
		{6022EFEB-9C9B-4F3A-91A0-E00BD3F28099}.Release|Any CPU.ActiveCfg = Release|Any CPU
		{6022EFEB-9C9B-4F3A-91A0-E00BD3F28099}.Release|Any CPU.Build.0 = Release|Any CPU
		{15F61E04-0917-428F-9BC4-162F47B0EA9B}.Debug|Any CPU.ActiveCfg = Debug|Any CPU
		{15F61E04-0917-428F-9BC4-162F47B0EA9B}.Debug|Any CPU.Build.0 = Debug|Any CPU
		{15F61E04-0917-428F-9BC4-162F47B0EA9B}.Release|Any CPU.ActiveCfg = Release|Any CPU
		{15F61E04-0917-428F-9BC4-162F47B0EA9B}.Release|Any CPU.Build.0 = Release|Any CPU
	EndGlobalSection
	GlobalSection(SolutionProperties) = preSolution
		HideSolutionNode = FALSE
	EndGlobalSection
EndGlobal
